
Microsoft Visual Studio Solution File, Format Version 12.00
# Visual Studio Version 17
VisualStudioVersion = 17.9.34622.214
MinimumVisualStudioVersion = 10.0.40219.1
Project("{FAE04EC0-301F-11D3-BF4B-00C04F79EFBC}") = "CalculatorCsharp", "CalculatorCsharp.csproj", "{7144E0C0-BC0D-41A6-AC54-7B4E560428AE}"
EndProject
Global
	GlobalSection(SolutionConfigurationPlatforms) = preSolution
		Debug|Any CPU = Debug|Any CPU
		Release|Any CPU = Release|Any CPU
	EndGlobalSection
	GlobalSection(ProjectConfigurationPlatforms) = postSolution
		{7144E0C0-BC0D-41A6-AC54-7B4E560428AE}.Debug|Any CPU.ActiveCfg = Debug|Any CPU
		{7144E0C0-BC0D-41A6-AC54-7B4E560428AE}.Debug|Any CPU.Build.0 = Debug|Any CPU
		{7144E0C0-BC0D-41A6-AC54-7B4E560428AE}.Release|Any CPU.ActiveCfg = Release|Any CPU
		{7144E0C0-BC0D-41A6-AC54-7B4E560428AE}.Release|Any CPU.Build.0 = Release|Any CPU
	EndGlobalSection
	GlobalSection(SolutionProperties) = preSolution
		HideSolutionNode = FALSE
	EndGlobalSection
	GlobalSection(ExtensibilityGlobals) = postSolution
		SolutionGuid = {60164D18-54B4-4DA4-83C8-782A8AE53A99}
	EndGlobalSection
EndGlobal
